lockfileVersion: '9.0'

settings:
  autoInstallPeers: true
  excludeLinksFromLockfile: false

importers:

  .:
    dependencies:
      postcss-rtlcss:
        specifier: ^5.1.2
        version: 5.1.2(postcss@8.4.33)

packages:

  escalade@3.1.1:
    resolution: {integrity: sha512-k0er2gUkLf8O0zKJiAhmkTnJlTvINGv7ygDNPbeIsX/TJjGJZHuh9B2UxbsaEkmlEo9MfhrSzmhIlhRlI2GXnw==}
    engines: {node: '>=6'}

  nanoid@3.3.7:
    resolution: {integrity: sha512-eSRppjcPIatRIMC1U6UngP8XFcz8MQWGQdt1MTBQ7NaAmvXDfvNxbvWV3x2y6CdEUciCSsDHDQZbhYaB8QEo2g==}
    engines: {node: ^10 || ^12 || ^13.7 || ^14 || >=15.0.1}
    hasBin: true

  picocolors@1.0.0:
    resolution: {integrity: sha512-1fygroTLlHu66zi26VoTDv8yRgm0Fccecssto+MhsZ0D/DGW2sm8E8AjW7NU5VVTRt5GxbeZ5qBuJr+HyLYkjQ==}

  postcss-rtlcss@5.1.2:
    resolution: {integrity: sha512-cmcgRoO1wL7IJyVHw0RneWI/5Oe75NLC2NLlQLsNI7hcui+yRcW4RrILfQa4FqKQRLTU4r5eF0YPi1qZpMzQpA==}
    engines: {node: '>=18.0.0'}
    peerDependencies:
      postcss: ^8.4.21

  postcss@8.4.33:
    resolution: {integrity: sha512-Kkpbhhdjw2qQs2O2DGX+8m5OVqEcbB9HRBvuYM9pgrjEFUg30A9LmXNlTAUj4S9kgtGyrMbTzVjH7E+s5Re2yg==}
    engines: {node: ^10 || ^12 || >=14}

  rtlcss@4.1.1:
    resolution: {integrity: sha512-/oVHgBtnPNcggP2aVXQjSy6N1mMAfHg4GSag0QtZBlD5bdDgAHwr4pydqJGd+SUCu9260+Pjqbjwtvu7EMH1KQ==}
    engines: {node: '>=12.0.0'}
    hasBin: true

  source-map-js@1.0.2:
    resolution: {integrity: sha512-R0XvVJ9WusLiqTCEiGCmICCMplcCkIwwR11mOSD9CR5u+IXYdiseeEuXCVAjS54zqwkLcPNnmU4OeJ6tUrWhDw==}
    engines: {node: '>=0.10.0'}

  strip-json-comments@3.1.1:
    resolution: {integrity: sha512-6fPc+R4ihwqP6N/aIv2f1gMH8lOVtWQHoqC4yK6oSDVVocumAsfCqjkXnqiYMhmMwS/mEHLp7Vehlt3ql6lEig==}
    engines: {node: '>=8'}

snapshots:

  escalade@3.1.1: {}

  nanoid@3.3.7: {}

  picocolors@1.0.0: {}

  postcss-rtlcss@5.1.2(postcss@8.4.33):
    dependencies:
      postcss: 8.4.33
      rtlcss: 4.1.1

  postcss@8.4.33:
    dependencies:
      nanoid: 3.3.7
      picocolors: 1.0.0
      source-map-js: 1.0.2

  rtlcss@4.1.1:
    dependencies:
      escalade: 3.1.1
      picocolors: 1.0.0
      postcss: 8.4.33
      strip-json-comments: 3.1.1

  source-map-js@1.0.2: {}

  strip-json-comments@3.1.1: {}
